
Microsoft Visual Studio Solution File, Format Version 12.00
# Visual Studio 15
VisualStudioVersion = 15.0.26124.0
MinimumVisualStudioVersion = 15.0.26124.0
Project("{FAE04EC0-301F-11D3-BF4B-00C04F79EFBC}") = "API", "API\API.csproj", "{24ED01C8-A414-4302-91DA-3B70D90678D6}"
EndProject
Project("{FAE04EC0-301F-11D3-BF4B-00C04F79EFBC}") = "Core", "Core\Core.csproj", "{78117F9D-E6EA-4502-8F70-A719D8EB6D6F}"
EndProject
Project("{FAE04EC0-301F-11D3-BF4B-00C04F79EFBC}") = "Infrastructure", "Infrastructure\Infrastructure.csproj", "{01F60688-25A7-4FFE-8D36-8923F68FEDE2}"
EndProject
Global
	GlobalSection(SolutionConfigurationPlatforms) = preSolution
		Debug|Any CPU = Debug|Any CPU
		Debug|x64 = Debug|x64
		Debug|x86 = Debug|x86
		Release|Any CPU = Release|Any CPU
		Release|x64 = Release|x64
		Release|x86 = Release|x86
	EndGlobalSection
	GlobalSection(SolutionProperties) = preSolution
		HideSolutionNode = FALSE
	EndGlobalSection
	GlobalSection(ProjectConfigurationPlatforms) = postSolution
		{24ED01C8-A414-4302-91DA-3B70D90678D6}.Debug|Any CPU.ActiveCfg = Debug|Any CPU
		{24ED01C8-A414-4302-91DA-3B70D90678D6}.Debug|Any CPU.Build.0 = Debug|Any CPU
		{24ED01C8-A414-4302-91DA-3B70D90678D6}.Debug|x64.ActiveCfg = Debug|Any CPU
		{24ED01C8-A414-4302-91DA-3B70D90678D6}.Debug|x64.Build.0 = Debug|Any CPU
		{24ED01C8-A414-4302-91DA-3B70D90678D6}.Debug|x86.ActiveCfg = Debug|Any CPU
		{24ED01C8-A414-4302-91DA-3B70D90678D6}.Debug|x86.Build.0 = Debug|Any CPU
		{24ED01C8-A414-4302-91DA-3B70D90678D6}.Release|Any CPU.ActiveCfg = Release|Any CPU
		{24ED01C8-A414-4302-91DA-3B70D90678D6}.Release|Any CPU.Build.0 = Release|Any CPU
		{24ED01C8-A414-4302-91DA-3B70D90678D6}.Release|x64.ActiveCfg = Release|Any CPU
		{24ED01C8-A414-4302-91DA-3B70D90678D6}.Release|x64.Build.0 = Release|Any CPU
		{24ED01C8-A414-4302-91DA-3B70D90678D6}.Release|x86.ActiveCfg = Release|Any CPU
		{24ED01C8-A414-4302-91DA-3B70D90678D6}.Release|x86.Build.0 = Release|Any CPU
		{78117F9D-E6EA-4502-8F70-A719D8EB6D6F}.Debug|Any CPU.ActiveCfg = Debug|Any CPU
		{78117F9D-E6EA-4502-8F70-A719D8EB6D6F}.Debug|Any CPU.Build.0 = Debug|Any CPU
		{78117F9D-E6EA-4502-8F70-A719D8EB6D6F}.Debug|x64.ActiveCfg = Debug|Any CPU
		{78117F9D-E6EA-4502-8F70-A719D8EB6D6F}.Debug|x64.Build.0 = Debug|Any CPU
		{78117F9D-E6EA-4502-8F70-A719D8EB6D6F}.Debug|x86.ActiveCfg = Debug|Any CPU
		{78117F9D-E6EA-4502-8F70-A719D8EB6D6F}.Debug|x86.Build.0 = Debug|Any CPU
		{78117F9D-E6EA-4502-8F70-A719D8EB6D6F}.Release|Any CPU.ActiveCfg = Release|Any CPU
		{78117F9D-E6EA-4502-8F70-A719D8EB6D6F}.Release|Any CPU.Build.0 = Release|Any CPU
		{78117F9D-E6EA-4502-8F70-A719D8EB6D6F}.Release|x64.ActiveCfg = Release|Any CPU
		{78117F9D-E6EA-4502-8F70-A719D8EB6D6F}.Release|x64.Build.0 = Release|Any CPU
		{78117F9D-E6EA-4502-8F70-A719D8EB6D6F}.Release|x86.ActiveCfg = Release|Any CPU
		{78117F9D-E6EA-4502-8F70-A719D8EB6D6F}.Release|x86.Build.0 = Release|Any CPU
		{01F60688-25A7-4FFE-8D36-8923F68FEDE2}.Debug|Any CPU.ActiveCfg = Debug|Any CPU
		{01F60688-25A7-4FFE-8D36-8923F68FEDE2}.Debug|Any CPU.Build.0 = Debug|Any CPU
		{01F60688-25A7-4FFE-8D36-8923F68FEDE2}.Debug|x64.ActiveCfg = Debug|Any CPU
		{01F60688-25A7-4FFE-8D36-8923F68FEDE2}.Debug|x64.Build.0 = Debug|Any CPU
		{01F60688-25A7-4FFE-8D36-8923F68FEDE2}.Debug|x86.ActiveCfg = Debug|Any CPU
		{01F60688-25A7-4FFE-8D36-8923F68FEDE2}.Debug|x86.Build.0 = Debug|Any CPU
		{01F60688-25A7-4FFE-8D36-8923F68FEDE2}.Release|Any CPU.ActiveCfg = Release|Any CPU
		{01F60688-25A7-4FFE-8D36-8923F68FEDE2}.Release|Any CPU.Build.0 = Release|Any CPU
		{01F60688-25A7-4FFE-8D36-8923F68FEDE2}.Release|x64.ActiveCfg = Release|Any CPU
		{01F60688-25A7-4FFE-8D36-8923F68FEDE2}.Release|x64.Build.0 = Release|Any CPU
		{01F60688-25A7-4FFE-8D36-8923F68FEDE2}.Release|x86.ActiveCfg = Release|Any CPU
		{01F60688-25A7-4FFE-8D36-8923F68FEDE2}.Release|x86.Build.0 = Release|Any CPU
	EndGlobalSection
EndGlobal
